
Microsoft Visual Studio Solution File, Format Version 12.00
# Visual Studio 15
VisualStudioVersion = 15.0.26430.6
MinimumVisualStudioVersion = 10.0.40219.1
Project("{FAE04EC0-301F-11D3-BF4B-00C04F79EFBC}") = "CarBookingForm", "CarBookingForm\CarBookingForm.csproj", "{5754A6A4-A27D-45D6-AA6C-B1C864F06BCE}"
EndProject
Global
	GlobalSection(SolutionConfigurationPlatforms) = preSolution
		Debug|Any CPU = Debug|Any CPU
		Release|Any CPU = Release|Any CPU
	EndGlobalSection
	GlobalSection(ProjectConfigurationPlatforms) = postSolution
		{5754A6A4-A27D-45D6-AA6C-B1C864F06BCE}.Debug|Any CPU.ActiveCfg = Debug|Any CPU
		{5754A6A4-A27D-45D6-AA6C-B1C864F06BCE}.Debug|Any CPU.Build.0 = Debug|Any CPU
		{5754A6A4-A27D-45D6-AA6C-B1C864F06BCE}.Release|Any CPU.ActiveCfg = Release|Any CPU
		{5754A6A4-A27D-45D6-AA6C-B1C864F06BCE}.Release|Any CPU.Build.0 = Release|Any CPU
	EndGlobalSection
	GlobalSection(SolutionProperties) = preSolution
		HideSolutionNode = FALSE
	EndGlobalSection
EndGlobal
